
Microsoft Visual Studio Solution File, Format Version 12.00
# Visual Studio Version 17
VisualStudioVersion = 17.10.35201.131
MinimumVisualStudioVersion = 10.0.40219.1
Project("{FAE04EC0-301F-11D3-BF4B-00C04F79EFBC}") = "Weaver.Permitting.DB", "Weaver.Permitting.DB.csproj", "{27510BAA-2346-4796-A978-8C2099FBB087}"
EndProject
Global
	GlobalSection(SolutionConfigurationPlatforms) = preSolution
		Debug|Any CPU = Debug|Any CPU
		Release|Any CPU = Release|Any CPU
	EndGlobalSection
	GlobalSection(ProjectConfigurationPlatforms) = postSolution
		{27510BAA-2346-4796-A978-8C2099FBB087}.Debug|Any CPU.ActiveCfg = Debug|Any CPU
		{27510BAA-2346-4796-A978-8C2099FBB087}.Debug|Any CPU.Build.0 = Debug|Any CPU
		{27510BAA-2346-4796-A978-8C2099FBB087}.Release|Any CPU.ActiveCfg = Release|Any CPU
		{27510BAA-2346-4796-A978-8C2099FBB087}.Release|Any CPU.Build.0 = Release|Any CPU
	EndGlobalSection
	GlobalSection(SolutionProperties) = preSolution
		HideSolutionNode = FALSE
	EndGlobalSection
	GlobalSection(ExtensibilityGlobals) = postSolution
		SolutionGuid = {08E6D849-E587-4610-A957-F2F32434B5DC}
	EndGlobalSection
EndGlobal
